
Microsoft Visual Studio Solution File, Format Version 12.00
# Visual Studio Version 17
VisualStudioVersion = 17.14.36301.6
MinimumVisualStudioVersion = 10.0.40219.1
Project("{FAE04EC0-301F-11D3-BF4B-00C04F79EFBC}") = "WebApiShope", "WebApiShope\WebApiShope.csproj", "{56ABC19C-21A0-4AFF-8A93-7EB3106DEFF3}"
EndProject
Project("{FAE04EC0-301F-11D3-BF4B-00C04F79EFBC}") = "Services", "Services\Services.csproj", "{F29AEE33-D7EE-49A9-8AEC-BE604D506FE1}"
EndProject
Project("{FAE04EC0-301F-11D3-BF4B-00C04F79EFBC}") = "Repositories", "Repositories\Repositories.csproj", "{C9A61B89-DCFF-4CB1-9BB1-FAE78A8CB9FB}"
EndProject
Project("{FAE04EC0-301F-11D3-BF4B-00C04F79EFBC}") = "Entities", "Entities\Entities.csproj", "{A19FF4EA-5C9F-4DCD-A5C7-8531F405073D}"
EndProject
Project("{FAE04EC0-301F-11D3-BF4B-00C04F79EFBC}") = "DTO", "DTO\DTO.csproj", "{120234A1-41CA-4BD0-96DC-40007438B47A}"
EndProject
Project("{FAE04EC0-301F-11D3-BF4B-00C04F79EFBC}") = "Tests", "Tests\Tests.csproj", "{ED0A37A0-83C7-4C32-9020-D45AB55477A5}"
EndProject
Project("{FAE04EC0-301F-11D3-BF4B-00C04F79EFBC}") = "KafkaConsumer", "KafkaConsumer\KafkaConsumer.csproj", "{8D7E6F5B-4A74-4D5E-9B50-2F7A2D2A7E61}"
EndProject
Global
	GlobalSection(SolutionConfigurationPlatforms) = preSolution
		Debug|Any CPU = Debug|Any CPU
		Release|Any CPU = Release|Any CPU
	EndGlobalSection
	GlobalSection(ProjectConfigurationPlatforms) = postSolution
		{56ABC19C-21A0-4AFF-8A93-7EB3106DEFF3}.Debug|Any CPU.ActiveCfg = Debug|Any CPU
		{56ABC19C-21A0-4AFF-8A93-7EB3106DEFF3}.Debug|Any CPU.Build.0 = Debug|Any CPU
		{56ABC19C-21A0-4AFF-8A93-7EB3106DEFF3}.Release|Any CPU.ActiveCfg = Release|Any CPU
		{56ABC19C-21A0-4AFF-8A93-7EB3106DEFF3}.Release|Any CPU.Build.0 = Release|Any CPU
		{F29AEE33-D7EE-49A9-8AEC-BE604D506FE1}.Debug|Any CPU.ActiveCfg = Debug|Any CPU
		{F29AEE33-D7EE-49A9-8AEC-BE604D506FE1}.Debug|Any CPU.Build.0 = Debug|Any CPU
		{F29AEE33-D7EE-49A9-8AEC-BE604D506FE1}.Release|Any CPU.ActiveCfg = Release|Any CPU
		{F29AEE33-D7EE-49A9-8AEC-BE604D506FE1}.Release|Any CPU.Build.0 = Release|Any CPU
		{C9A61B89-DCFF-4CB1-9BB1-FAE78A8CB9FB}.Debug|Any CPU.ActiveCfg = Debug|Any CPU
		{C9A61B89-DCFF-4CB1-9BB1-FAE78A8CB9FB}.Debug|Any CPU.Build.0 = Debug|Any CPU
		{C9A61B89-DCFF-4CB1-9BB1-FAE78A8CB9FB}.Release|Any CPU.ActiveCfg = Release|Any CPU
		{C9A61B89-DCFF-4CB1-9BB1-FAE78A8CB9FB}.Release|Any CPU.Build.0 = Release|Any CPU
		{A19FF4EA-5C9F-4DCD-A5C7-8531F405073D}.Debug|Any CPU.ActiveCfg = Debug|Any CPU
		{A19FF4EA-5C9F-4DCD-A5C7-8531F405073D}.Debug|Any CPU.Build.0 = Debug|Any CPU
		{A19FF4EA-5C9F-4DCD-A5C7-8531F405073D}.Release|Any CPU.ActiveCfg = Release|Any CPU
		{A19FF4EA-5C9F-4DCD-A5C7-8531F405073D}.Release|Any CPU.Build.0 = Release|Any CPU
		{120234A1-41CA-4BD0-96DC-40007438B47A}.Debug|Any CPU.ActiveCfg = Debug|Any CPU
		{120234A1-41CA-4BD0-96DC-40007438B47A}.Debug|Any CPU.Build.0 = Debug|Any CPU
		{120234A1-41CA-4BD0-96DC-40007438B47A}.Release|Any CPU.ActiveCfg = Release|Any CPU
		{120234A1-41CA-4BD0-96DC-40007438B47A}.Release|Any CPU.Build.0 = Release|Any CPU
		{ED0A37A0-83C7-4C32-9020-D45AB55477A5}.Debug|Any CPU.ActiveCfg = Debug|Any CPU
		{ED0A37A0-83C7-4C32-9020-D45AB55477A5}.Debug|Any CPU.Build.0 = Debug|Any CPU
		{ED0A37A0-83C7-4C32-9020-D45AB55477A5}.Release|Any CPU.ActiveCfg = Release|Any CPU
		{ED0A37A0-83C7-4C32-9020-D45AB55477A5}.Release|Any CPU.Build.0 = Release|Any CPU
		{8D7E6F5B-4A74-4D5E-9B50-2F7A2D2A7E61}.Debug|Any CPU.ActiveCfg = Debug|Any CPU
		{8D7E6F5B-4A74-4D5E-9B50-2F7A2D2A7E61}.Debug|Any CPU.Build.0 = Debug|Any CPU
		{8D7E6F5B-4A74-4D5E-9B50-2F7A2D2A7E61}.Release|Any CPU.ActiveCfg = Release|Any CPU
		{8D7E6F5B-4A74-4D5E-9B50-2F7A2D2A7E61}.Release|Any CPU.Build.0 = Release|Any CPU
	EndGlobalSection
	GlobalSection(SolutionProperties) = preSolution
		HideSolutionNode = FALSE
	EndGlobalSection
	GlobalSection(ExtensibilityGlobals) = postSolution
		SolutionGuid = {C642C77A-FCBE-400F-A20B-1C86B2AAD2F2}
	EndGlobalSection
EndGlobal
